
Microsoft Visual Studio Solution File, Format Version 12.00
# Visual Studio Version 17
VisualStudioVersion = 17.5.33326.253
MinimumVisualStudioVersion = 10.0.40219.1
Project("{FAE04EC0-301F-11D3-BF4B-00C04F79EFBC}") = "roblox-antiafk", "roblox-antiafk\roblox-antiafk.csproj", "{D0150D28-DD1D-4F89-969E-9338FE0365AF}"
EndProject
Global
	GlobalSection(SolutionConfigurationPlatforms) = preSolution
		Debug|Any CPU = Debug|Any CPU
		Release|Any CPU = Release|Any CPU
	EndGlobalSection
	GlobalSection(ProjectConfigurationPlatforms) = postSolution
		{D0150D28-DD1D-4F89-969E-9338FE0365AF}.Debug|Any CPU.ActiveCfg = Debug|Any CPU
		{D0150D28-DD1D-4F89-969E-9338FE0365AF}.Debug|Any CPU.Build.0 = Debug|Any CPU
		{D0150D28-DD1D-4F89-969E-9338FE0365AF}.Release|Any CPU.ActiveCfg = Release|Any CPU
		{D0150D28-DD1D-4F89-969E-9338FE0365AF}.Release|Any CPU.Build.0 = Release|Any CPU
	EndGlobalSection
	GlobalSection(SolutionProperties) = preSolution
		HideSolutionNode = FALSE
	EndGlobalSection
	GlobalSection(ExtensibilityGlobals) = postSolution
		SolutionGuid = {001EF455-666B-4FAF-8E29-1EBDBF6EAB2C}
	EndGlobalSection
EndGlobal
